
Microsoft Visual Studio Solution File, Format Version 12.00
# Visual Studio Version 17
VisualStudioVersion = 17.6.33815.320
MinimumVisualStudioVersion = 10.0.40219.1
Project("{FAE04EC0-301F-11D3-BF4B-00C04F79EFBC}") = "Sinuca.Web", "Sinuca\Sinuca.Web.csproj", "{89899DFA-67A3-473F-8D23-C7C38878D747}"
EndProject
Project("{FAE04EC0-301F-11D3-BF4B-00C04F79EFBC}") = "Sinuca.Application", "Sinuca.Application\Sinuca.Application.csproj", "{B1771ED6-A2BE-4F63-9B20-E6562FFBCB4C}"
EndProject
Project("{FAE04EC0-301F-11D3-BF4B-00C04F79EFBC}") = "Sinuca.Domain", "Sinuca.Domain\Sinuca.Domain.csproj", "{A05F09B7-9C8C-48A6-992E-90F5C734708A}"
EndProject
Project("{FAE04EC0-301F-11D3-BF4B-00C04F79EFBC}") = "Sinuca.Infrastructure", "Sinuca.Infrastructure\Sinuca.Infrastructure.csproj", "{AD9CA21E-DBEF-4BC0-930C-A33BD59FBF6F}"
EndProject
Global
	GlobalSection(SolutionConfigurationPlatforms) = preSolution
		Debug|Any CPU = Debug|Any CPU
		Release|Any CPU = Release|Any CPU
	EndGlobalSection
	GlobalSection(ProjectConfigurationPlatforms) = postSolution
		{89899DFA-67A3-473F-8D23-C7C38878D747}.Debug|Any CPU.ActiveCfg = Debug|Any CPU
		{89899DFA-67A3-473F-8D23-C7C38878D747}.Debug|Any CPU.Build.0 = Debug|Any CPU
		{89899DFA-67A3-473F-8D23-C7C38878D747}.Release|Any CPU.ActiveCfg = Release|Any CPU
		{89899DFA-67A3-473F-8D23-C7C38878D747}.Release|Any CPU.Build.0 = Release|Any CPU
		{B1771ED6-A2BE-4F63-9B20-E6562FFBCB4C}.Debug|Any CPU.ActiveCfg = Debug|Any CPU
		{B1771ED6-A2BE-4F63-9B20-E6562FFBCB4C}.Debug|Any CPU.Build.0 = Debug|Any CPU
		{B1771ED6-A2BE-4F63-9B20-E6562FFBCB4C}.Release|Any CPU.ActiveCfg = Release|Any CPU
		{B1771ED6-A2BE-4F63-9B20-E6562FFBCB4C}.Release|Any CPU.Build.0 = Release|Any CPU
		{A05F09B7-9C8C-48A6-992E-90F5C734708A}.Debug|Any CPU.ActiveCfg = Debug|Any CPU
		{A05F09B7-9C8C-48A6-992E-90F5C734708A}.Debug|Any CPU.Build.0 = Debug|Any CPU
		{A05F09B7-9C8C-48A6-992E-90F5C734708A}.Release|Any CPU.ActiveCfg = Release|Any CPU
		{A05F09B7-9C8C-48A6-992E-90F5C734708A}.Release|Any CPU.Build.0 = Release|Any CPU
		{AD9CA21E-DBEF-4BC0-930C-A33BD59FBF6F}.Debug|Any CPU.ActiveCfg = Debug|Any CPU
		{AD9CA21E-DBEF-4BC0-930C-A33BD59FBF6F}.Debug|Any CPU.Build.0 = Debug|Any CPU
		{AD9CA21E-DBEF-4BC0-930C-A33BD59FBF6F}.Release|Any CPU.ActiveCfg = Release|Any CPU
		{AD9CA21E-DBEF-4BC0-930C-A33BD59FBF6F}.Release|Any CPU.Build.0 = Release|Any CPU
	EndGlobalSection
	GlobalSection(SolutionProperties) = preSolution
		HideSolutionNode = FALSE
	EndGlobalSection
	GlobalSection(ExtensibilityGlobals) = postSolution
		SolutionGuid = {BFA8AFD7-ABED-4BCA-BFC0-4BD0E19897FF}
	EndGlobalSection
EndGlobal
